schema: '2.0'
stages:
  data_ingestion:
    cmd: python src/data/data_ingestion.py
    deps:
    - path: src/data/data_ingestion.py
      hash: md5
      md5: ffa02c45313f46870a7d60096e82b489
      size: 4484
    params:
      params.yaml:
        data_ingestion.test_size: 0.1
    outs:
    - path: data/raw
      hash: md5
      md5: 79e338a72d8a9d32640bf19a38e785af.dir
      size: 3118070
      nfiles: 2
  data_preprocessing:
    cmd: python src/data/data_preprocessing.py
    deps:
    - path: data/raw
      hash: md5
      md5: 79e338a72d8a9d32640bf19a38e785af.dir
      size: 3118070
      nfiles: 2
    - path: src/data/data_preprocessing.py
      hash: md5
      md5: b3ea67676136f785fa47f79d9e146074
      size: 4094
    outs:
    - path: data/interim
      hash: md5
      md5: e8d8127725710740bd7b1afef108126f.dir
      size: 2129367
      nfiles: 2
  feature:
    cmd: python src/features/feature.py
    deps:
    - path: data/interim
      hash: md5
      md5: e8d8127725710740bd7b1afef108126f.dir
      size: 2129367
      nfiles: 2
    - path: src/features/feature.py
      hash: md5
      md5: eb35f1d7b1bbcf1c7b97ca0604a47b4b
      size: 3949
    params:
      params.yaml:
        feature.max_features: 50
    outs:
    - path: data/processed
      hash: md5
      md5: 75c13fea0ac91fda14ebbd5191e67552.dir
      size: 4122109
      nfiles: 2
  model_building:
    cmd: python src/model/model.py
    deps:
    - path: data/processed
      hash: md5
      md5: 75c13fea0ac91fda14ebbd5191e67552.dir
      size: 4122109
      nfiles: 2
    - path: src/model/model.py
      hash: md5
      md5: 47c890e23e68c92035e7e27297467f0d
      size: 3130
    params:
      params.yaml:
        model.learning_rate: 0.2
        model.n_estimators: 30
    outs:
    - path: models/model.pkl
      hash: md5
      md5: 88a5b3fde83351a0547598028546a402
      size: 502429
  model_evaluation:
    cmd: python src/model/model_evaluation.py
    deps:
    - path: models/model.pkl
      hash: md5
      md5: 88a5b3fde83351a0547598028546a402
      size: 502429
    - path: src/model/model_evaluation.py
      hash: md5
      md5: 0d87974836e03955d2d6d071f552b78a
      size: 3624
    outs:
    - path: reports/metrics.json
      hash: md5
      md5: 1682d239f64bbf22cc92071683888056
      size: 132
